
Microsoft Visual Studio Solution File, Format Version 12.00
# Visual Studio Version 17
VisualStudioVersion = 17.4.33122.133
MinimumVisualStudioVersion = 10.0.40219.1
Project("{8BC9CEB8-8B4A-11D0-8D11-00A0C91BC942}") = "kr1", "kr1.vcxproj", "{113ECE5F-808F-4619-8326-25EBD9E1DB1A}"
EndProject
Global
	GlobalSection(SolutionConfigurationPlatforms) = preSolution
		Debug|x64 = Debug|x64
		Debug|x86 = Debug|x86
		Release|x64 = Release|x64
		Release|x86 = Release|x86
	EndGlobalSection
	GlobalSection(ProjectConfigurationPlatforms) = postSolution
		{113ECE5F-808F-4619-8326-25EBD9E1DB1A}.Debug|x64.ActiveCfg = Debug|x64
		{113ECE5F-808F-4619-8326-25EBD9E1DB1A}.Debug|x64.Build.0 = Debug|x64
		{113ECE5F-808F-4619-8326-25EBD9E1DB1A}.Debug|x86.ActiveCfg = Debug|Win32
		{113ECE5F-808F-4619-8326-25EBD9E1DB1A}.Debug|x86.Build.0 = Debug|Win32
		{113ECE5F-808F-4619-8326-25EBD9E1DB1A}.Release|x64.ActiveCfg = Release|x64
		{113ECE5F-808F-4619-8326-25EBD9E1DB1A}.Release|x64.Build.0 = Release|x64
		{113ECE5F-808F-4619-8326-25EBD9E1DB1A}.Release|x86.ActiveCfg = Release|Win32
		{113ECE5F-808F-4619-8326-25EBD9E1DB1A}.Release|x86.Build.0 = Release|Win32
	EndGlobalSection
	GlobalSection(SolutionProperties) = preSolution
		HideSolutionNode = FALSE
	EndGlobalSection
	GlobalSection(ExtensibilityGlobals) = postSolution
		SolutionGuid = {EE578A00-7538-4FA6-B0AB-1127555B35CC}
	EndGlobalSection
EndGlobal
